
Microsoft Visual Studio Solution File, Format Version 12.00
# Visual Studio Version 17
VisualStudioVersion = 17.9.34728.123
MinimumVisualStudioVersion = 10.0.40219.1
Project("{FAE04EC0-301F-11D3-BF4B-00C04F79EFBC}") = "Leetcode", "Leetcode\Leetcode.csproj", "{A6F0834D-85F3-4BD5-87E9-9988AF9EE08A}"
EndProject
Global
	GlobalSection(SolutionConfigurationPlatforms) = preSolution
		Debug|Any CPU = Debug|Any CPU
		Release|Any CPU = Release|Any CPU
	EndGlobalSection
	GlobalSection(ProjectConfigurationPlatforms) = postSolution
		{A6F0834D-85F3-4BD5-87E9-9988AF9EE08A}.Debug|Any CPU.ActiveCfg = Debug|Any CPU
		{A6F0834D-85F3-4BD5-87E9-9988AF9EE08A}.Debug|Any CPU.Build.0 = Debug|Any CPU
		{A6F0834D-85F3-4BD5-87E9-9988AF9EE08A}.Release|Any CPU.ActiveCfg = Release|Any CPU
		{A6F0834D-85F3-4BD5-87E9-9988AF9EE08A}.Release|Any CPU.Build.0 = Release|Any CPU
	EndGlobalSection
	GlobalSection(SolutionProperties) = preSolution
		HideSolutionNode = FALSE
	EndGlobalSection
	GlobalSection(ExtensibilityGlobals) = postSolution
		SolutionGuid = {E13BA8E9-C680-4F87-94D5-D588E58B0F6D}
	EndGlobalSection
EndGlobal
